// !$*UTF8*$!
{
	archiveVersion = 1;
	classes = {
	};
	objectVersion = 46;
	objects = {

/* Begin PBXBuildFile section */
		8F2ED01F23BE1BAE00919E50 /* Constant.swift in Sources */ = {isa = PBXBuildFile; fileRef = 8F2ED01523BE1BAE00919E50 /* Constant.swift */; };
		8F2ED02023BE1BAE00919E50 /* String+bee.swift in Sources */ = {isa = PBXBuildFile; fileRef = 8F2ED01723BE1BAE00919E50 /* String+bee.swift */; };
		8F2ED02123BE1BAE00919E50 /* BeeKit.swift in Sources */ = {isa = PBXBuildFile; fileRef = 8F2ED01823BE1BAE00919E50 /* BeeKit.swift */; };
		8F2ED02223BE1BAE00919E50 /* BeeExt.swift in Sources */ = {isa = PBXBuildFile; fileRef = 8F2ED01923BE1BAE00919E50 /* BeeExt.swift */; };
		8F2ED03723C4837C00919E50 /* URLRouterable.swift in Sources */ = {isa = PBXBuildFile; fileRef = 8F2ED03323C4837C00919E50 /* URLRouterable.swift */; };
		8F2ED03823C4837C00919E50 /* URLRouter.swift in Sources */ = {isa = PBXBuildFile; fileRef = 8F2ED03423C4837C00919E50 /* URLRouter.swift */; };
		8F2ED03923C4837C00919E50 /* URLRouterAction.swift in Sources */ = {isa = PBXBuildFile; fileRef = 8F2ED03523C4837C00919E50 /* URLRouterAction.swift */; };
		8F2ED03A23C4837C00919E50 /* URLRouterItem.swift in Sources */ = {isa = PBXBuildFile; fileRef = 8F2ED03623C4837C00919E50 /* URLRouterItem.swift */; };
		OBJ_46 /* BeeKitTests.swift in Sources */ = {isa = PBXBuildFile; fileRef = OBJ_13 /* BeeKitTests.swift */; };
		OBJ_47 /* XCTestManifests.swift in Sources */ = {isa = PBXBuildFile; fileRef = OBJ_14 /* XCTestManifests.swift */; };
		OBJ_49 /* BeeKit.framework in Frameworks */ = {isa = PBXBuildFile; fileRef = "BeeKit::BeeKit::Product" /* BeeKit.framework */; };
/* End PBXBuildFile section */

/* Begin PBXContainerItemProxy section */
		8F3A09C123B73452002ACA50 /* PBXContainerItemProxy */ = {
			isa = PBXContainerItemProxy;
			containerPortal = OBJ_1 /* Project object */;
			proxyType = 1;
			remoteGlobalIDString = "BeeKit::BeeKit";
			remoteInfo = BeeKit;
		};
/* End PBXContainerItemProxy section */

/* Begin PBXFileReference section */
		8F2ED01523BE1BAE00919E50 /* Constant.swift */ = {isa = PBXFileReference; fileEncoding = 4; lastKnownFileType = sourcecode.swift; path = Constant.swift; sourceTree = "<group>"; };
		8F2ED01723BE1BAE00919E50 /* String+bee.swift */ = {isa = PBXFileReference; fileEncoding = 4; lastKnownFileType = sourcecode.swift; path = "String+bee.swift"; sourceTree = "<group>"; };
		8F2ED01823BE1BAE00919E50 /* BeeKit.swift */ = {isa = PBXFileReference; fileEncoding = 4; lastKnownFileType = sourcecode.swift; path = BeeKit.swift; sourceTree = "<group>"; };
		8F2ED01923BE1BAE00919E50 /* BeeExt.swift */ = {isa = PBXFileReference; fileEncoding = 4; lastKnownFileType = sourcecode.swift; path = BeeExt.swift; sourceTree = "<group>"; };
		8F2ED03323C4837C00919E50 /* URLRouterable.swift */ = {isa = PBXFileReference; fileEncoding = 4; lastKnownFileType = sourcecode.swift; path = URLRouterable.swift; sourceTree = "<group>"; };
		8F2ED03423C4837C00919E50 /* URLRouter.swift */ = {isa = PBXFileReference; fileEncoding = 4; lastKnownFileType = sourcecode.swift; path = URLRouter.swift; sourceTree = "<group>"; };
		8F2ED03523C4837C00919E50 /* URLRouterAction.swift */ = {isa = PBXFileReference; fileEncoding = 4; lastKnownFileType = sourcecode.swift; path = URLRouterAction.swift; sourceTree = "<group>"; };
		8F2ED03623C4837C00919E50 /* URLRouterItem.swift */ = {isa = PBXFileReference; fileEncoding = 4; lastKnownFileType = sourcecode.swift; path = URLRouterItem.swift; sourceTree = "<group>"; };
		"BeeKit::BeeKit::Product" /* BeeKit.framework */ = {isa = PBXFileReference; explicitFileType = wrapper.framework; path = BeeKit.framework; sourceTree = BUILT_PRODUCTS_DIR; };
		"BeeKit::BeeKitTests::Product" /* BeeKitTests.xctest */ = {isa = PBXFileReference; explicitFileType = wrapper.cfbundle; path = BeeKitTests.xctest; sourceTree = BUILT_PRODUCTS_DIR; };
		OBJ_13 /* BeeKitTests.swift */ = {isa = PBXFileReference; lastKnownFileType = sourcecode.swift; path = BeeKitTests.swift; sourceTree = "<group>"; };
		OBJ_14 /* XCTestManifests.swift */ = {isa = PBXFileReference; lastKnownFileType = sourcecode.swift; path = XCTestManifests.swift; sourceTree = "<group>"; };
		OBJ_20 /* README.md */ = {isa = PBXFileReference; lastKnownFileType = net.daringfireball.markdown; path = README.md; sourceTree = "<group>"; };
		OBJ_21 /* BeeKit.podspec */ = {isa = PBXFileReference; lastKnownFileType = text; path = BeeKit.podspec; sourceTree = "<group>"; };
		OBJ_6 /* Package.swift */ = {isa = PBXFileReference; explicitFileType = sourcecode.swift; path = Package.swift; sourceTree = "<group>"; };
/* End PBXFileReference section */

/* Begin PBXFrameworksBuildPhase section */
		OBJ_29 /* Frameworks */ = {
			isa = PBXFrameworksBuildPhase;
			buildActionMask = 0;
			files = (
			);
			runOnlyForDeploymentPostprocessing = 0;
		};
		OBJ_48 /* Frameworks */ = {
			isa = PBXFrameworksBuildPhase;
			buildActionMask = 0;
			files = (
				OBJ_49 /* BeeKit.framework in Frameworks */,
			);
			runOnlyForDeploymentPostprocessing = 0;
		};
/* End PBXFrameworksBuildPhase section */

/* Begin PBXGroup section */
		8F2ED01423BE1BAE00919E50 /* BeeKit */ = {
			isa = PBXGroup;
			children = (
				8F2ED01823BE1BAE00919E50 /* BeeKit.swift */,
				8F2ED01523BE1BAE00919E50 /* Constant.swift */,
				8F2ED01923BE1BAE00919E50 /* BeeExt.swift */,
				8F2ED03223C4837C00919E50 /* router */,
				8F2ED01623BE1BAE00919E50 /* iOS */,
			);
			name = BeeKit;
			path = Sources/BeeKit;
			sourceTree = "<group>";
		};
		8F2ED01623BE1BAE00919E50 /* iOS */ = {
			isa = PBXGroup;
			children = (
				8F2ED01723BE1BAE00919E50 /* String+bee.swift */,
			);
			path = iOS;
			sourceTree = "<group>";
		};
		8F2ED03223C4837C00919E50 /* router */ = {
			isa = PBXGroup;
			children = (
				8F2ED03323C4837C00919E50 /* URLRouterable.swift */,
				8F2ED03423C4837C00919E50 /* URLRouter.swift */,
				8F2ED03523C4837C00919E50 /* URLRouterAction.swift */,
				8F2ED03623C4837C00919E50 /* URLRouterItem.swift */,
			);
			path = router;
			sourceTree = "<group>";
		};
		OBJ_11 /* Tests */ = {
			isa = PBXGroup;
			children = (
				OBJ_12 /* BeeKitTests */,
			);
			name = Tests;
			sourceTree = SOURCE_ROOT;
		};
		OBJ_12 /* BeeKitTests */ = {
			isa = PBXGroup;
			children = (
				OBJ_13 /* BeeKitTests.swift */,
				OBJ_14 /* XCTestManifests.swift */,
			);
			name = BeeKitTests;
			path = Tests/BeeKitTests;
			sourceTree = SOURCE_ROOT;
		};
		OBJ_15 /* Products */ = {
			isa = PBXGroup;
			children = (
				"BeeKit::BeeKit::Product" /* BeeKit.framework */,
				"BeeKit::BeeKitTests::Product" /* BeeKitTests.xctest */,
			);
			name = Products;
			sourceTree = BUILT_PRODUCTS_DIR;
		};
		OBJ_5 = {
			isa = PBXGroup;
			children = (
				OBJ_6 /* Package.swift */,
				OBJ_7 /* Sources */,
				OBJ_11 /* Tests */,
				OBJ_15 /* Products */,
				OBJ_20 /* README.md */,
				OBJ_21 /* BeeKit.podspec */,
			);
			sourceTree = "<group>";
		};
		OBJ_7 /* Sources */ = {
			isa = PBXGroup;
			children = (
				8F2ED01423BE1BAE00919E50 /* BeeKit */,
			);
			name = Sources;
			sourceTree = SOURCE_ROOT;
		};
/* End PBXGroup section */

/* Begin PBXNativeTarget section */
		"BeeKit::BeeKit" /* BeeKit */ = {
			isa = PBXNativeTarget;
			buildConfigurationList = OBJ_23 /* Build configuration list for PBXNativeTarget "BeeKit" */;
			buildPhases = (
				OBJ_26 /* Sources */,
				OBJ_29 /* Frameworks */,
			);
			buildRules = (
			);
			dependencies = (
			);
			name = BeeKit;
			productName = BeeKit;
			productReference = "BeeKit::BeeKit::Product" /* BeeKit.framework */;
			productType = "com.apple.product-type.framework";
		};
		"BeeKit::BeeKitTests" /* BeeKitTests */ = {
			isa = PBXNativeTarget;
			buildConfigurationList = OBJ_42 /* Build configuration list for PBXNativeTarget "BeeKitTests" */;
			buildPhases = (
				OBJ_45 /* Sources */,
				OBJ_48 /* Frameworks */,
			);
			buildRules = (
			);
			dependencies = (
				OBJ_50 /* PBXTargetDependency */,
			);
			name = BeeKitTests;
			productName = BeeKitTests;
			productReference = "BeeKit::BeeKitTests::Product" /* BeeKitTests.xctest */;
			productType = "com.apple.product-type.bundle.unit-test";
		};
/* End PBXNativeTarget section */

/* Begin PBXProject section */
		OBJ_1 /* Project object */ = {
			isa = PBXProject;
			attributes = {
				LastSwiftMigration = 9999;
				LastUpgradeCheck = 9999;
			};
			buildConfigurationList = OBJ_2 /* Build configuration list for PBXProject "BeeKit" */;
			compatibilityVersion = "Xcode 3.2";
			developmentRegion = en;
			hasScannedForEncodings = 0;
			knownRegions = (
				en,
			);
			mainGroup = OBJ_5;
			productRefGroup = OBJ_15 /* Products */;
			projectDirPath = "";
			projectRoot = "";
			targets = (
				"BeeKit::BeeKit" /* BeeKit */,
				"BeeKit::BeeKitTests" /* BeeKitTests */,
			);
		};
/* End PBXProject section */

/* Begin PBXSourcesBuildPhase section */
		OBJ_26 /* Sources */ = {
			isa = PBXSourcesBuildPhase;
			buildActionMask = 0;
			files = (
				8F2ED03823C4837C00919E50 /* URLRouter.swift in Sources */,
				8F2ED03A23C4837C00919E50 /* URLRouterItem.swift in Sources */,
				8F2ED02223BE1BAE00919E50 /* BeeExt.swift in Sources */,
				8F2ED03923C4837C00919E50 /* URLRouterAction.swift in Sources */,
				8F2ED03723C4837C00919E50 /* URLRouterable.swift in Sources */,
				8F2ED01F23BE1BAE00919E50 /* Constant.swift in Sources */,
				8F2ED02023BE1BAE00919E50 /* String+bee.swift in Sources */,
				8F2ED02123BE1BAE00919E50 /* BeeKit.swift in Sources */,
			);
			runOnlyForDeploymentPostprocessing = 0;
		};
		OBJ_45 /* Sources */ = {
			isa = PBXSourcesBuildPhase;
			buildActionMask = 0;
			files = (
				OBJ_46 /* BeeKitTests.swift in Sources */,
				OBJ_47 /* XCTestManifests.swift in Sources */,
			);
			runOnlyForDeploymentPostprocessing = 0;
		};
/* End PBXSourcesBuildPhase section */

/* Begin PBXTargetDependency section */
		OBJ_50 /* PBXTargetDependency */ = {
			isa = PBXTargetDependency;
			target = "BeeKit::BeeKit" /* BeeKit */;
			targetProxy = 8F3A09C123B73452002ACA50 /* PBXContainerItemProxy */;
		};
/* End PBXTargetDependency section */

/* Begin XCBuildConfiguration section */
		OBJ_24 /* Debug */ = {
			isa = XCBuildConfiguration;
			buildSettings = {
				ENABLE_TESTABILITY = YES;
				FRAMEWORK_SEARCH_PATHS = (
					"$(inherited)",
					"$(PLATFORM_DIR)/Developer/Library/Frameworks",
				);
				HEADER_SEARCH_PATHS = "$(inherited)";
				INFOPLIST_FILE = BeeKit.xcodeproj/BeeKit_Info.plist;
				IPHONEOS_DEPLOYMENT_TARGET = 9.0;
				LD_RUNPATH_SEARCH_PATHS = "$(inherited) $(TOOLCHAIN_DIR)/usr/lib/swift/macosx";
				OTHER_CFLAGS = "$(inherited)";
				OTHER_LDFLAGS = "$(inherited)";
				OTHER_SWIFT_FLAGS = "$(inherited)";
				PRODUCT_BUNDLE_IDENTIFIER = BeeKit;
				PRODUCT_MODULE_NAME = "$(TARGET_NAME:c99extidentifier)";
				PRODUCT_NAME = "$(TARGET_NAME:c99extidentifier)";
				SKIP_INSTALL = YES;
				SUPPORTS_MACCATALYST = NO;
				SWIFT_ACTIVE_COMPILATION_CONDITIONS = "$(inherited)";
				SWIFT_VERSION = 5.0;
				TARGETED_DEVICE_FAMILY = "1,2";
				TARGET_NAME = BeeKit;
			};
			name = Debug;
		};
		OBJ_25 /* Release */ = {
			isa = XCBuildConfiguration;
			buildSettings = {
				ENABLE_TESTABILITY = YES;
				FRAMEWORK_SEARCH_PATHS = (
					"$(inherited)",
					"$(PLATFORM_DIR)/Developer/Library/Frameworks",
				);
				HEADER_SEARCH_PATHS = "$(inherited)";
				INFOPLIST_FILE = BeeKit.xcodeproj/BeeKit_Info.plist;
				IPHONEOS_DEPLOYMENT_TARGET = 9.0;
				LD_RUNPATH_SEARCH_PATHS = "$(inherited) $(TOOLCHAIN_DIR)/usr/lib/swift/macosx";
				OTHER_CFLAGS = "$(inherited)";
				OTHER_LDFLAGS = "$(inherited)";
				OTHER_SWIFT_FLAGS = "$(inherited)";
				PRODUCT_BUNDLE_IDENTIFIER = BeeKit;
				PRODUCT_MODULE_NAME = "$(TARGET_NAME:c99extidentifier)";
				PRODUCT_NAME = "$(TARGET_NAME:c99extidentifier)";
				SKIP_INSTALL = YES;
				SUPPORTS_MACCATALYST = NO;
				SWIFT_ACTIVE_COMPILATION_CONDITIONS = "$(inherited)";
				SWIFT_VERSION = 5.0;
				TARGETED_DEVICE_FAMILY = "1,2";
				TARGET_NAME = BeeKit;
			};
			name = Release;
		};
		OBJ_3 /* Debug */ = {
			isa = XCBuildConfiguration;
			buildSettings = {
				CLANG_ENABLE_OBJC_ARC = YES;
				COMBINE_HIDPI_IMAGES = YES;
				COPY_PHASE_STRIP = NO;
				DEBUG_INFORMATION_FORMAT = dwarf;
				DYLIB_INSTALL_NAME_BASE = "@rpath";
				ENABLE_NS_ASSERTIONS = YES;
				GCC_OPTIMIZATION_LEVEL = 0;
				GCC_PREPROCESSOR_DEFINITIONS = (
					"$(inherited)",
					"SWIFT_PACKAGE=1",
					"DEBUG=1",
				);
				IPHONEOS_DEPLOYMENT_TARGET = 9.0;
				ONLY_ACTIVE_ARCH = YES;
				OTHER_SWIFT_FLAGS = "$(inherited) -DXcode";
				PRODUCT_NAME = "$(TARGET_NAME)";
				SDKROOT = iphoneos;
				SUPPORTED_PLATFORMS = "iphonesimulator iphoneos";
				SWIFT_ACTIVE_COMPILATION_CONDITIONS = "$(inherited) SWIFT_PACKAGE DEBUG";
				SWIFT_OPTIMIZATION_LEVEL = "-Onone";
				USE_HEADERMAP = NO;
			};
			name = Debug;
		};
		OBJ_4 /* Release */ = {
			isa = XCBuildConfiguration;
			buildSettings = {
				CLANG_ENABLE_OBJC_ARC = YES;
				COMBINE_HIDPI_IMAGES = YES;
				COPY_PHASE_STRIP = YES;
				DEBUG_INFORMATION_FORMAT = "dwarf-with-dsym";
				DYLIB_INSTALL_NAME_BASE = "@rpath";
				GCC_OPTIMIZATION_LEVEL = s;
				GCC_PREPROCESSOR_DEFINITIONS = (
					"$(inherited)",
					"SWIFT_PACKAGE=1",
				);
				IPHONEOS_DEPLOYMENT_TARGET = 9.0;
				OTHER_SWIFT_FLAGS = "$(inherited) -DXcode";
				PRODUCT_NAME = "$(TARGET_NAME)";
				SDKROOT = iphoneos;
				SUPPORTED_PLATFORMS = "iphonesimulator iphoneos";
				SWIFT_ACTIVE_COMPILATION_CONDITIONS = "$(inherited) SWIFT_PACKAGE";
				SWIFT_OPTIMIZATION_LEVEL = "-Owholemodule";
				USE_HEADERMAP = NO;
			};
			name = Release;
		};
		OBJ_43 /* Debug */ = {
			isa = XCBuildConfiguration;
			buildSettings = {
				ALWAYS_EMBED_SWIFT_STANDARD_LIBRARIES = YES;
				CLANG_ENABLE_MODULES = YES;
				EMBEDDED_CONTENT_CONTAINS_SWIFT = YES;
				FRAMEWORK_SEARCH_PATHS = (
					"$(inherited)",
					"$(PLATFORM_DIR)/Developer/Library/Frameworks",
				);
				INFOPLIST_FILE = BeeKit.xcodeproj/BeeKitTests_Info.plist;
				IPHONEOS_DEPLOYMENT_TARGET = 9.0;
				LD_RUNPATH_SEARCH_PATHS = "$(inherited) @loader_path/../Frameworks @loader_path/Frameworks";
				OTHER_CFLAGS = "$(inherited)";
				OTHER_SWIFT_FLAGS = "$(inherited)";
				SWIFT_ACTIVE_COMPILATION_CONDITIONS = "$(inherited)";
				SWIFT_VERSION = 5.0;
				TARGET_NAME = BeeKitTests;
			};
			name = Debug;
		};
		OBJ_44 /* Release */ = {
			isa = XCBuildConfiguration;
			buildSettings = {
				ALWAYS_EMBED_SWIFT_STANDARD_LIBRARIES = YES;
				CLANG_ENABLE_MODULES = YES;
				EMBEDDED_CONTENT_CONTAINS_SWIFT = YES;
				FRAMEWORK_SEARCH_PATHS = (
					"$(inherited)",
					"$(PLATFORM_DIR)/Developer/Library/Frameworks",
				);
				INFOPLIST_FILE = BeeKit.xcodeproj/BeeKitTests_Info.plist;
				IPHONEOS_DEPLOYMENT_TARGET = 9.0;
				LD_RUNPATH_SEARCH_PATHS = "$(inherited) @loader_path/../Frameworks @loader_path/Frameworks";
				OTHER_CFLAGS = "$(inherited)";
				OTHER_SWIFT_FLAGS = "$(inherited)";
				SWIFT_ACTIVE_COMPILATION_CONDITIONS = "$(inherited)";
				SWIFT_VERSION = 5.0;
				TARGET_NAME = BeeKitTests;
			};
			name = Release;
		};
/* End XCBuildConfiguration section */

/* Begin XCConfigurationList section */
		OBJ_2 /* Build configuration list for PBXProject "BeeKit" */ = {
			isa = XCConfigurationList;
			buildConfigurations = (
				OBJ_3 /* Debug */,
				OBJ_4 /* Release */,
			);
			defaultConfigurationIsVisible = 0;
			defaultConfigurationName = Release;
		};
		OBJ_23 /* Build configuration list for PBXNativeTarget "BeeKit" */ = {
			isa = XCConfigurationList;
			buildConfigurations = (
				OBJ_24 /* Debug */,
				OBJ_25 /* Release */,
			);
			defaultConfigurationIsVisible = 0;
			defaultConfigurationName = Release;
		};
		OBJ_42 /* Build configuration list for PBXNativeTarget "BeeKitTests" */ = {
			isa = XCConfigurationList;
			buildConfigurations = (
				OBJ_43 /* Debug */,
				OBJ_44 /* Release */,
			);
			defaultConfigurationIsVisible = 0;
			defaultConfigurationName = Release;
		};
/* End XCConfigurationList section */
	};
	rootObject = OBJ_1 /* Project object */;
}
